<Solution>
  <Folder Name="/Task0/">
    <Project Path="Tyuiu.SadykovSV.Sprint3.Task0.V17.Lib/Tyuiu.SadykovSV.Sprint3.Task0.V17.Lib.csproj" />
    <Project Path="Tyuiu.SadykovSV.Sprint3.Task0.V17.Test/Tyuiu.SadykovSV.Sprint3.Task0.V17.Test.csproj" />
    <Project Path="Tyuiu.SadykovSV.Sprint3.Task0.V17/Tyuiu.SadykovSV.Sprint3.Task0.V17.csproj" />
  </Folder>
  <Folder Name="/Task1/">
    <Project Path="Tyuiu.SadykovSV.Sprint3.Task1.V30.Lib/Tyuiu.SadykovSV.Sprint3.Task1.V30.Lib.csproj" />
    <Project Path="Tyuiu.SadykovSV.Sprint3.Task1.V30.Test/Tyuiu.SadykovSV.Sprint3.Task1.V30.Test.csproj" />
    <Project Path="Tyuiu.SadykovSV.Sprint3.Task1.V30/Tyuiu.SadykovSV.Sprint3.Task1.V30.csproj" />
  </Folder>
  <Folder Name="/Task2/">
    <Project Path="Tyuiu.SadykovSV.Sprint3.Task2.V1.Lib/Tyuiu.SadykovSV.Sprint3.Task2.V1.Lib.csproj" Id="c8b4a1c3-29ab-4cf0-a176-5041e2173340" />
    <Project Path="Tyuiu.SadykovSV.Sprint3.Task2.V1.Test/Tyuiu.SadykovSV.Sprint3.Task2.V1.Test.csproj" Id="4824c7e4-085f-4b94-956d-65078f65a731" />
    <Project Path="Tyuiu.SadykovSV.Sprint3.Task2.V1/Tyuiu.SadykovSV.Sprint3.Task2.V1.csproj" Id="48f10cb5-a9d5-4a80-9166-e7eced5e3146" />
  </Folder>
  <Folder Name="/Task3/">
    <Project Path="Tyuiu.SadykovSV.Sprint3.Task3.V8.Lib/Tyuiu.SadykovSV.Sprint3.Task3.V8.Lib.csproj" Id="af8f90eb-13d7-492d-a999-2d39dda6fc14" />
    <Project Path="Tyuiu.SadykovSV.Sprint3.Task3.V8.Test/Tyuiu.SadykovSV.Sprint3.Task3.V8.Test.csproj" Id="e560723e-27da-4d21-a859-ddabea3b430d" />
    <Project Path="Tyuiu.SadykovSV.Sprint3.Task3.V8/Tyuiu.SadykovSV.Sprint3.Task3.V8.csproj" Id="b4e48bef-0bb6-439d-a8e6-b10a61ccbc1c" />
  </Folder>
  <Folder Name="/Task4/">
    <Project Path="Tyuiu.SadykovSV.Sprint3.Task4.V23.Lib/Tyuiu.SadykovSV.Sprint3.Task4.V23.Lib.csproj" Id="d5c64566-4a72-47c8-962a-ad8ee2332861" />
    <Project Path="Tyuiu.SadykovSV.Sprint3.Task4.V23.Test/Tyuiu.SadykovSV.Sprint3.Task4.V23.Test.csproj" Id="5348d622-c72f-411f-88dd-17035889d5de" />
    <Project Path="Tyuiu.SadykovSV.Sprint3.Task4.V23/Tyuiu.SadykovSV.Sprint3.Task4.V23.csproj" Id="ccd5b670-199f-40af-85e8-8f64315583b9" />
  </Folder>
  <Folder Name="/Task5/">
    <Project Path="Tyuiu.SadykovSV.Sprint3.Task5.V10.Lib/Tyuiu.SadykovSV.Sprint3.Task5.V10.Lib.csproj" Id="b88e2db0-1f9b-4178-8b30-798b2d6f8dec" />
    <Project Path="Tyuiu.SadykovSV.Sprint3.Task5.V10.Test/Tyuiu.SadykovSV.Sprint3.Task5.V10.Test.csproj" Id="280e0e9a-1897-43c6-a17c-bc1cd195d5f7" />
    <Project Path="Tyuiu.SadykovSV.Sprint3.Task5.V10/Tyuiu.SadykovSV.Sprint3.Task5.V10.csproj" Id="4c1062da-b395-4b19-b5de-df728a4cb33b" />
  </Folder>
  <Folder Name="/Task6/">
    <Project Path="Tyuiu.SadykovSV.Sprint3.Task6.V11.Lib/Tyuiu.SadykovSV.Sprint3.Task6.V11.Lib.csproj" Id="b188c3e2-588c-4b64-9b95-27aa707778ba" />
    <Project Path="Tyuiu.SadykovSV.Sprint3.Task6.V11.Test/Tyuiu.SadykovSV.Sprint3.Task6.V11.Test.csproj" Id="9cf8e1dd-7553-4a76-8fc3-71aea441705a" />
    <Project Path="Tyuiu.SadykovSV.Sprint3.Task6.V11/Tyuiu.SadykovSV.Sprint3.Task6.V11.csproj" Id="a590fce1-2f4a-4716-8393-1423b451eab5" />
  </Folder>
</Solution>
